// !$*UTF8*$!
{
	archiveVersion = 1;
	classes = {
	};
	objectVersion = 55;
	objects = {

/* Begin PBXBuildFile section */
		F852D2BF271A01420079CD39 /* AppDelegate.swift in Sources */ = {isa = PBXBuildFile; fileRef = F852D2BE271A01420079CD39 /* AppDelegate.swift */; };
		F852D2C1271A01420079CD39 /* SceneDelegate.swift in Sources */ = {isa = PBXBuildFile; fileRef = F852D2C0271A01420079CD39 /* SceneDelegate.swift */; };
		F852D2C3271A01420079CD39 /* ViewController.swift in Sources */ = {isa = PBXBuildFile; fileRef = F852D2C2271A01420079CD39 /* ViewController.swift */; };
		F852D2C6271A01420079CD39 /* Main.storyboard in Resources */ = {isa = PBXBuildFile; fileRef = F852D2C4271A01420079CD39 /* Main.storyboard */; };
		F852D2C8271A01450079CD39 /* Assets.xcassets in Resources */ = {isa = PBXBuildFile; fileRef = F852D2C7271A01450079CD39 /* Assets.xcassets */; };
		F852D2CB271A01450079CD39 /* LaunchScreen.storyboard in Resources */ = {isa = PBXBuildFile; fileRef = F852D2C9271A01450079CD39 /* LaunchScreen.storyboard */; };
		F852D2D6271A01450079CD39 /* JenkinsTests.swift in Sources */ = {isa = PBXBuildFile; fileRef = F852D2D5271A01450079CD39 /* JenkinsTests.swift */; };
		F852D2E0271A01450079CD39 /* JenkinsUITests.swift in Sources */ = {isa = PBXBuildFile; fileRef = F852D2DF271A01450079CD39 /* JenkinsUITests.swift */; };
		F852D2E2271A01450079CD39 /* JenkinsUITestsLaunchTests.swift in Sources */ = {isa = PBXBuildFile; fileRef = F852D2E1271A01450079CD39 /* JenkinsUITestsLaunchTests.swift */; };
/* End PBXBuildFile section */

/* Begin PBXContainerItemProxy section */
		F852D2D2271A01450079CD39 /* PBXContainerItemProxy */ = {
			isa = PBXContainerItemProxy;
			containerPortal = F852D2B3271A01420079CD39 /* Project object */;
			proxyType = 1;
			remoteGlobalIDString = F852D2BA271A01420079CD39;
			remoteInfo = Jenkins;
		};
		F852D2DC271A01450079CD39 /* PBXContainerItemProxy */ = {
			isa = PBXContainerItemProxy;
			containerPortal = F852D2B3271A01420079CD39 /* Project object */;
			proxyType = 1;
			remoteGlobalIDString = F852D2BA271A01420079CD39;
			remoteInfo = Jenkins;
		};
/* End PBXContainerItemProxy section */

/* Begin PBXFileReference section */
		F852D2BB271A01420079CD39 /* Jenkins.app */ = {isa = PBXFileReference; explicitFileType = wrapper.application; includeInIndex = 0; path = Jenkins.app; sourceTree = BUILT_PRODUCTS_DIR; };
		F852D2BE271A01420079CD39 /* AppDelegate.swift */ = {isa = PBXFileReference; lastKnownFileType = sourcecode.swift; path = AppDelegate.swift; sourceTree = "<group>"; };
		F852D2C0271A01420079CD39 /* SceneDelegate.swift */ = {isa = PBXFileReference; lastKnownFileType = sourcecode.swift; path = SceneDelegate.swift; sourceTree = "<group>"; };
		F852D2C2271A01420079CD39 /* ViewController.swift */ = {isa = PBXFileReference; lastKnownFileType = sourcecode.swift; path = ViewController.swift; sourceTree = "<group>"; };
		F852D2C5271A01420079CD39 /* Base */ = {isa = PBXFileReference; lastKnownFileType = file.storyboard; name = Base; path = Base.lproj/Main.storyboard; sourceTree = "<group>"; };
		F852D2C7271A01450079CD39 /* Assets.xcassets */ = {isa = PBXFileReference; lastKnownFileType = folder.assetcatalog; path = Assets.xcassets; sourceTree = "<group>"; };
		F852D2CA271A01450079CD39 /* Base */ = {isa = PBXFileReference; lastKnownFileType = file.storyboard; name = Base; path = Base.lproj/LaunchScreen.storyboard; sourceTree = "<group>"; };
		F852D2CC271A01450079CD39 /* Info.plist */ = {isa = PBXFileReference; lastKnownFileType = text.plist.xml; path = Info.plist; sourceTree = "<group>"; };
		F852D2D1271A01450079CD39 /* JenkinsTests.xctest */ = {isa = PBXFileReference; explicitFileType = wrapper.cfbundle; includeInIndex = 0; path = JenkinsTests.xctest; sourceTree = BUILT_PRODUCTS_DIR; };
		F852D2D5271A01450079CD39 /* JenkinsTests.swift */ = {isa = PBXFileReference; lastKnownFileType = sourcecode.swift; path = JenkinsTests.swift; sourceTree = "<group>"; };
		F852D2DB271A01450079CD39 /* JenkinsUITests.xctest */ = {isa = PBXFileReference; explicitFileType = wrapper.cfbundle; includeInIndex = 0; path = JenkinsUITests.xctest; sourceTree = BUILT_PRODUCTS_DIR; };
		F852D2DF271A01450079CD39 /* JenkinsUITests.swift */ = {isa = PBXFileReference; lastKnownFileType = sourcecode.swift; path = JenkinsUITests.swift; sourceTree = "<group>"; };
		F852D2E1271A01450079CD39 /* JenkinsUITestsLaunchTests.swift */ = {isa = PBXFileReference; lastKnownFileType = sourcecode.swift; path = JenkinsUITestsLaunchTests.swift; sourceTree = "<group>"; };
/* End PBXFileReference section */

/* Begin PBXFrameworksBuildPhase section */
		F852D2B8271A01420079CD39 /* Frameworks */ = {
			isa = PBXFrameworksBuildPhase;
			buildActionMask = 2147483647;
			files = (
			);
			runOnlyForDeploymentPostprocessing = 0;
		};
		F852D2CE271A01450079CD39 /* Frameworks */ = {
			isa = PBXFrameworksBuildPhase;
			buildActionMask = 2147483647;
			files = (
			);
			runOnlyForDeploymentPostprocessing = 0;
		};
		F852D2D8271A01450079CD39 /* Frameworks */ = {
			isa = PBXFrameworksBuildPhase;
			buildActionMask = 2147483647;
			files = (
			);
			runOnlyForDeploymentPostprocessing = 0;
		};
/* End PBXFrameworksBuildPhase section */

/* Begin PBXGroup section */
		F852D2B2271A01420079CD39 = {
			isa = PBXGroup;
			children = (
				F852D2BD271A01420079CD39 /* Jenkins */,
				F852D2D4271A01450079CD39 /* JenkinsTests */,
				F852D2DE271A01450079CD39 /* JenkinsUITests */,
				F852D2BC271A01420079CD39 /* Products */,
			);
			sourceTree = "<group>";
		};
		F852D2BC271A01420079CD39 /* Products */ = {
			isa = PBXGroup;
			children = (
				F852D2BB271A01420079CD39 /* Jenkins.app */,
				F852D2D1271A01450079CD39 /* JenkinsTests.xctest */,
				F852D2DB271A01450079CD39 /* JenkinsUITests.xctest */,
			);
			name = Products;
			sourceTree = "<group>";
		};
		F852D2BD271A01420079CD39 /* Jenkins */ = {
			isa = PBXGroup;
			children = (
				F852D2BE271A01420079CD39 /* AppDelegate.swift */,
				F852D2C0271A01420079CD39 /* SceneDelegate.swift */,
				F852D2C2271A01420079CD39 /* ViewController.swift */,
				F852D2C4271A01420079CD39 /* Main.storyboard */,
				F852D2C7271A01450079CD39 /* Assets.xcassets */,
				F852D2C9271A01450079CD39 /* LaunchScreen.storyboard */,
				F852D2CC271A01450079CD39 /* Info.plist */,
			);
			path = Jenkins;
			sourceTree = "<group>";
		};
		F852D2D4271A01450079CD39 /* JenkinsTests */ = {
			isa = PBXGroup;
			children = (
				F852D2D5271A01450079CD39 /* JenkinsTests.swift */,
			);
			path = JenkinsTests;
			sourceTree = "<group>";
		};
		F852D2DE271A01450079CD39 /* JenkinsUITests */ = {
			isa = PBXGroup;
			children = (
				F852D2DF271A01450079CD39 /* JenkinsUITests.swift */,
				F852D2E1271A01450079CD39 /* JenkinsUITestsLaunchTests.swift */,
			);
			path = JenkinsUITests;
			sourceTree = "<group>";
		};
/* End PBXGroup section */

/* Begin PBXNativeTarget section */
		F852D2BA271A01420079CD39 /* Jenkins */ = {
			isa = PBXNativeTarget;
			buildConfigurationList = F852D2E5271A01450079CD39 /* Build configuration list for PBXNativeTarget "Jenkins" */;
			buildPhases = (
				F852D2B7271A01420079CD39 /* Sources */,
				F852D2B8271A01420079CD39 /* Frameworks */,
				F852D2B9271A01420079CD39 /* Resources */,
			);
			buildRules = (
			);
			dependencies = (
			);
			name = Jenkins;
			productName = Jenkins;
			productReference = F852D2BB271A01420079CD39 /* Jenkins.app */;
			productType = "com.apple.product-type.application";
		};
		F852D2D0271A01450079CD39 /* JenkinsTests */ = {
			isa = PBXNativeTarget;
			buildConfigurationList = F852D2E8271A01450079CD39 /* Build configuration list for PBXNativeTarget "JenkinsTests" */;
			buildPhases = (
				F852D2CD271A01450079CD39 /* Sources */,
				F852D2CE271A01450079CD39 /* Frameworks */,
				F852D2CF271A01450079CD39 /* Resources */,
			);
			buildRules = (
			);
			dependencies = (
				F852D2D3271A01450079CD39 /* PBXTargetDependency */,
			);
			name = JenkinsTests;
			productName = JenkinsTests;
			productReference = F852D2D1271A01450079CD39 /* JenkinsTests.xctest */;
			productType = "com.apple.product-type.bundle.unit-test";
		};
		F852D2DA271A01450079CD39 /* JenkinsUITests */ = {
			isa = PBXNativeTarget;
			buildConfigurationList = F852D2EB271A01450079CD39 /* Build configuration list for PBXNativeTarget "JenkinsUITests" */;
			buildPhases = (
				F852D2D7271A01450079CD39 /* Sources */,
				F852D2D8271A01450079CD39 /* Frameworks */,
				F852D2D9271A01450079CD39 /* Resources */,
			);
			buildRules = (
			);
			dependencies = (
				F852D2DD271A01450079CD39 /* PBXTargetDependency */,
			);
			name = JenkinsUITests;
			productName = JenkinsUITests;
			productReference = F852D2DB271A01450079CD39 /* JenkinsUITests.xctest */;
			productType = "com.apple.product-type.bundle.ui-testing";
		};
/* End PBXNativeTarget section */

/* Begin PBXProject section */
		F852D2B3271A01420079CD39 /* Project object */ = {
			isa = PBXProject;
			attributes = {
				BuildIndependentTargetsInParallel = 1;
				LastSwiftUpdateCheck = 1300;
				LastUpgradeCheck = 1300;
				TargetAttributes = {
					F852D2BA271A01420079CD39 = {
						CreatedOnToolsVersion = 13.0;
					};
					F852D2D0271A01450079CD39 = {
						CreatedOnToolsVersion = 13.0;
						TestTargetID = F852D2BA271A01420079CD39;
					};
					F852D2DA271A01450079CD39 = {
						CreatedOnToolsVersion = 13.0;
						TestTargetID = F852D2BA271A01420079CD39;
					};
				};
			};
			buildConfigurationList = F852D2B6271A01420079CD39 /* Build configuration list for PBXProject "Jenkins" */;
			compatibilityVersion = "Xcode 13.0";
			developmentRegion = en;
			hasScannedForEncodings = 0;
			knownRegions = (
				en,
				Base,
			);
			mainGroup = F852D2B2271A01420079CD39;
			productRefGroup = F852D2BC271A01420079CD39 /* Products */;
			projectDirPath = "";
			projectRoot = "";
			targets = (
				F852D2BA271A01420079CD39 /* Jenkins */,
				F852D2D0271A01450079CD39 /* JenkinsTests */,
				F852D2DA271A01450079CD39 /* JenkinsUITests */,
			);
		};
/* End PBXProject section */

/* Begin PBXResourcesBuildPhase section */
		F852D2B9271A01420079CD39 /* Resources */ = {
			isa = PBXResourcesBuildPhase;
			buildActionMask = 2147483647;
			files = (
				F852D2CB271A01450079CD39 /* LaunchScreen.storyboard in Resources */,
				F852D2C8271A01450079CD39 /* Assets.xcassets in Resources */,
				F852D2C6271A01420079CD39 /* Main.storyboard in Resources */,
			);
			runOnlyForDeploymentPostprocessing = 0;
		};
		F852D2CF271A01450079CD39 /* Resources */ = {
			isa = PBXResourcesBuildPhase;
			buildActionMask = 2147483647;
			files = (
			);
			runOnlyForDeploymentPostprocessing = 0;
		};
		F852D2D9271A01450079CD39 /* Resources */ = {
			isa = PBXResourcesBuildPhase;
			buildActionMask = 2147483647;
			files = (
			);
			runOnlyForDeploymentPostprocessing = 0;
		};
/* End PBXResourcesBuildPhase section */

/* Begin PBXSourcesBuildPhase section */
		F852D2B7271A01420079CD39 /* Sources */ = {
			isa = PBXSourcesBuildPhase;
			buildActionMask = 2147483647;
			files = (
				F852D2C3271A01420079CD39 /* ViewController.swift in Sources */,
				F852D2BF271A01420079CD39 /* AppDelegate.swift in Sources */,
				F852D2C1271A01420079CD39 /* SceneDelegate.swift in Sources */,
			);
			runOnlyForDeploymentPostprocessing = 0;
		};
		F852D2CD271A01450079CD39 /* Sources */ = {
			isa = PBXSourcesBuildPhase;
			buildActionMask = 2147483647;
			files = (
				F852D2D6271A01450079CD39 /* JenkinsTests.swift in Sources */,
			);
			runOnlyForDeploymentPostprocessing = 0;
		};
		F852D2D7271A01450079CD39 /* Sources */ = {
			isa = PBXSourcesBuildPhase;
			buildActionMask = 2147483647;
			files = (
				F852D2E0271A01450079CD39 /* JenkinsUITests.swift in Sources */,
				F852D2E2271A01450079CD39 /* JenkinsUITestsLaunchTests.swift in Sources */,
			);
			runOnlyForDeploymentPostprocessing = 0;
		};
/* End PBXSourcesBuildPhase section */

/* Begin PBXTargetDependency section */
		F852D2D3271A01450079CD39 /* PBXTargetDependency */ = {
			isa = PBXTargetDependency;
			target = F852D2BA271A01420079CD39 /* Jenkins */;
			targetProxy = F852D2D2271A01450079CD39 /* PBXContainerItemProxy */;
		};
		F852D2DD271A01450079CD39 /* PBXTargetDependency */ = {
			isa = PBXTargetDependency;
			target = F852D2BA271A01420079CD39 /* Jenkins */;
			targetProxy = F852D2DC271A01450079CD39 /* PBXContainerItemProxy */;
		};
/* End PBXTargetDependency section */

/* Begin PBXVariantGroup section */
		F852D2C4271A01420079CD39 /* Main.storyboard */ = {
			isa = PBXVariantGroup;
			children = (
				F852D2C5271A01420079CD39 /* Base */,
			);
			name = Main.storyboard;
			sourceTree = "<group>";
		};
		F852D2C9271A01450079CD39 /* LaunchScreen.storyboard */ = {
			isa = PBXVariantGroup;
			children = (
				F852D2CA271A01450079CD39 /* Base */,
			);
			name = LaunchScreen.storyboard;
			sourceTree = "<group>";
		};
/* End PBXVariantGroup section */

/* Begin XCBuildConfiguration section */
		F852D2E3271A01450079CD39 /* Debug */ = {
			isa = XCBuildConfiguration;
			buildSettings = {
				ALWAYS_SEARCH_USER_PATHS = NO;
				CLANG_ANALYZER_NONNULL = YES;
				CLANG_ANALYZER_NUMBER_OBJECT_CONVERSION = YES_AGGRESSIVE;
				CLANG_CXX_LANGUAGE_STANDARD = "gnu++17";
				CLANG_CXX_LIBRARY = "libc++";
				CLANG_ENABLE_MODULES = YES;
				CLANG_ENABLE_OBJC_ARC = YES;
				CLANG_ENABLE_OBJC_WEAK = YES;
				CLANG_WARN_BLOCK_CAPTURE_AUTORELEASING = YES;
				CLANG_WARN_BOOL_CONVERSION = YES;
				CLANG_WARN_COMMA = YES;
				CLANG_WARN_CONSTANT_CONVERSION = YES;
				CLANG_WARN_DEPRECATED_OBJC_IMPLEMENTATIONS = YES;
				CLANG_WARN_DIRECT_OBJC_ISA_USAGE = YES_ERROR;
				CLANG_WARN_DOCUMENTATION_COMMENTS = YES;
				CLANG_WARN_EMPTY_BODY = YES;
				CLANG_WARN_ENUM_CONVERSION = YES;
				CLANG_WARN_INFINITE_RECURSION = YES;
				CLANG_WARN_INT_CONVERSION = YES;
				CLANG_WARN_NON_LITERAL_NULL_CONVERSION = YES;
				CLANG_WARN_OBJC_IMPLICIT_RETAIN_SELF = YES;
				CLANG_WARN_OBJC_LITERAL_CONVERSION = YES;
				CLANG_WARN_OBJC_ROOT_CLASS = YES_ERROR;
				CLANG_WARN_QUOTED_INCLUDE_IN_FRAMEWORK_HEADER = YES;
				CLANG_WARN_RANGE_LOOP_ANALYSIS = YES;
				CLANG_WARN_STRICT_PROTOTYPES = YES;
				CLANG_WARN_SUSPICIOUS_MOVE = YES;
				CLANG_WARN_UNGUARDED_AVAILABILITY = YES_AGGRESSIVE;
				CLANG_WARN_UNREACHABLE_CODE = YES;
				CLANG_WARN__DUPLICATE_METHOD_MATCH = YES;
				COPY_PHASE_STRIP = NO;
				DEBUG_INFORMATION_FORMAT = dwarf;
				ENABLE_STRICT_OBJC_MSGSEND = YES;
				ENABLE_TESTABILITY = YES;
				GCC_C_LANGUAGE_STANDARD = gnu11;
				GCC_DYNAMIC_NO_PIC = NO;
				GCC_NO_COMMON_BLOCKS = YES;
				GCC_OPTIMIZATION_LEVEL = 0;
				GCC_PREPROCESSOR_DEFINITIONS = (
					"DEBUG=1",
					"$(inherited)",
				);
				GCC_WARN_64_TO_32_BIT_CONVERSION = YES;
				GCC_WARN_ABOUT_RETURN_TYPE = YES_ERROR;
				GCC_WARN_UNDECLARED_SELECTOR = YES;
				GCC_WARN_UNINITIALIZED_AUTOS = YES_AGGRESSIVE;
				GCC_WARN_UNUSED_FUNCTION = YES;
				GCC_WARN_UNUSED_VARIABLE = YES;
				IPHONEOS_DEPLOYMENT_TARGET = 15.0;
				MTL_ENABLE_DEBUG_INFO = INCLUDE_SOURCE;
				MTL_FAST_MATH = YES;
				ONLY_ACTIVE_ARCH = YES;
				SDKROOT = iphoneos;
				SWIFT_ACTIVE_COMPILATION_CONDITIONS = DEBUG;
				SWIFT_OPTIMIZATION_LEVEL = "-Onone";
			};
			name = Debug;
		};
		F852D2E4271A01450079CD39 /* Release */ = {
			isa = XCBuildConfiguration;
			buildSettings = {
				ALWAYS_SEARCH_USER_PATHS = NO;
				CLANG_ANALYZER_NONNULL = YES;
				CLANG_ANALYZER_NUMBER_OBJECT_CONVERSION = YES_AGGRESSIVE;
				CLANG_CXX_LANGUAGE_STANDARD = "gnu++17";
				CLANG_CXX_LIBRARY = "libc++";
				CLANG_ENABLE_MODULES = YES;
				CLANG_ENABLE_OBJC_ARC = YES;
				CLANG_ENABLE_OBJC_WEAK = YES;
				CLANG_WARN_BLOCK_CAPTURE_AUTORELEASING = YES;
				CLANG_WARN_BOOL_CONVERSION = YES;
				CLANG_WARN_COMMA = YES;
				CLANG_WARN_CONSTANT_CONVERSION = YES;
				CLANG_WARN_DEPRECATED_OBJC_IMPLEMENTATIONS = YES;
				CLANG_WARN_DIRECT_OBJC_ISA_USAGE = YES_ERROR;
				CLANG_WARN_DOCUMENTATION_COMMENTS = YES;
				CLANG_WARN_EMPTY_BODY = YES;
				CLANG_WARN_ENUM_CONVERSION = YES;
				CLANG_WARN_INFINITE_RECURSION = YES;
				CLANG_WARN_INT_CONVERSION = YES;
				CLANG_WARN_NON_LITERAL_NULL_CONVERSION = YES;
				CLANG_WARN_OBJC_IMPLICIT_RETAIN_SELF = YES;
				CLANG_WARN_OBJC_LITERAL_CONVERSION = YES;
				CLANG_WARN_OBJC_ROOT_CLASS = YES_ERROR;
				CLANG_WARN_QUOTED_INCLUDE_IN_FRAMEWORK_HEADER = YES;
				CLANG_WARN_RANGE_LOOP_ANALYSIS = YES;
				CLANG_WARN_STRICT_PROTOTYPES = YES;
				CLANG_WARN_SUSPICIOUS_MOVE = YES;
				CLANG_WARN_UNGUARDED_AVAILABILITY = YES_AGGRESSIVE;
				CLANG_WARN_UNREACHABLE_CODE = YES;
				CLANG_WARN__DUPLICATE_METHOD_MATCH = YES;
				COPY_PHASE_STRIP = NO;
				DEBUG_INFORMATION_FORMAT = "dwarf-with-dsym";
				ENABLE_NS_ASSERTIONS = NO;
				ENABLE_STRICT_OBJC_MSGSEND = YES;
				GCC_C_LANGUAGE_STANDARD = gnu11;
				GCC_NO_COMMON_BLOCKS = YES;
				GCC_WARN_64_TO_32_BIT_CONVERSION = YES;
				GCC_WARN_ABOUT_RETURN_TYPE = YES_ERROR;
				GCC_WARN_UNDECLARED_SELECTOR = YES;
				GCC_WARN_UNINITIALIZED_AUTOS = YES_AGGRESSIVE;
				GCC_WARN_UNUSED_FUNCTION = YES;
				GCC_WARN_UNUSED_VARIABLE = YES;
				IPHONEOS_DEPLOYMENT_TARGET = 15.0;
				MTL_ENABLE_DEBUG_INFO = NO;
				MTL_FAST_MATH = YES;
				SDKROOT = iphoneos;
				SWIFT_COMPILATION_MODE = wholemodule;
				SWIFT_OPTIMIZATION_LEVEL = "-O";
				VALIDATE_PRODUCT = YES;
			};
			name = Release;
		};
		F852D2E6271A01450079CD39 /* Debug */ = {
			isa = XCBuildConfiguration;
			buildSettings = {
				ASSETCATALOG_COMPILER_APPICON_NAME = AppIcon;
				ASSETCATALOG_COMPILER_GLOBAL_ACCENT_COLOR_NAME = AccentColor;
				CODE_SIGN_STYLE = Automatic;
				CURRENT_PROJECT_VERSION = 1;
				DEVELOPMENT_TEAM = 2584UNKWXQ;
				GENERATE_INFOPLIST_FILE = YES;
				INFOPLIST_FILE = Jenkins/Info.plist;
				INFOPLIST_KEY_UIApplicationSupportsIndirectInputEvents = YES;
				INFOPLIST_KEY_UILaunchStoryboardName = LaunchScreen;
				INFOPLIST_KEY_UIMainStoryboardFile = Main;
				INFOPLIST_KEY_UISupportedInterfaceOrientations_iPad = "UIInterfaceOrientationPortrait UIInterfaceOrientationPortraitUpsideDown UIInterfaceOrientationLandscapeLeft UIInterfaceOrientationLandscapeRight";
				INFOPLIST_KEY_UISupportedInterfaceOrientations_iPhone = "UIInterfaceOrientationPortrait UIInterfaceOrientationLandscapeLeft UIInterfaceOrientationLandscapeRight";
				LD_RUNPATH_SEARCH_PATHS = (
					"$(inherited)",
					"@executable_path/Frameworks",
				);
				MARKETING_VERSION = 1.0;
				PRODUCT_BUNDLE_IDENTIFIER = com.serkanApp.Jenkins;
				PRODUCT_NAME = "$(TARGET_NAME)";
				SWIFT_EMIT_LOC_STRINGS = YES;
				SWIFT_VERSION = 5.0;
				TARGETED_DEVICE_FAMILY = "1,2";
			};
			name = Debug;
		};
		F852D2E7271A01450079CD39 /* Release */ = {
			isa = XCBuildConfiguration;
			buildSettings = {
				ASSETCATALOG_COMPILER_APPICON_NAME = AppIcon;
				ASSETCATALOG_COMPILER_GLOBAL_ACCENT_COLOR_NAME = AccentColor;
				CODE_SIGN_STYLE = Automatic;
				CURRENT_PROJECT_VERSION = 1;
				DEVELOPMENT_TEAM = 2584UNKWXQ;
				GENERATE_INFOPLIST_FILE = YES;
				INFOPLIST_FILE = Jenkins/Info.plist;
				INFOPLIST_KEY_UIApplicationSupportsIndirectInputEvents = YES;
				INFOPLIST_KEY_UILaunchStoryboardName = LaunchScreen;
				INFOPLIST_KEY_UIMainStoryboardFile = Main;
				INFOPLIST_KEY_UISupportedInterfaceOrientations_iPad = "UIInterfaceOrientationPortrait UIInterfaceOrientationPortraitUpsideDown UIInterfaceOrientationLandscapeLeft UIInterfaceOrientationLandscapeRight";
				INFOPLIST_KEY_UISupportedInterfaceOrientations_iPhone = "UIInterfaceOrientationPortrait UIInterfaceOrientationLandscapeLeft UIInterfaceOrientationLandscapeRight";
				LD_RUNPATH_SEARCH_PATHS = (
					"$(inherited)",
					"@executable_path/Frameworks",
				);
				MARKETING_VERSION = 1.0;
				PRODUCT_BUNDLE_IDENTIFIER = com.serkanApp.Jenkins;
				PRODUCT_NAME = "$(TARGET_NAME)";
				SWIFT_EMIT_LOC_STRINGS = YES;
				SWIFT_VERSION = 5.0;
				TARGETED_DEVICE_FAMILY = "1,2";
			};
			name = Release;
		};
		F852D2E9271A01450079CD39 /* Debug */ = {
			isa = XCBuildConfiguration;
			buildSettings = {
				ALWAYS_EMBED_SWIFT_STANDARD_LIBRARIES = YES;
				BUNDLE_LOADER = "$(TEST_HOST)";
				CODE_SIGN_STYLE = Automatic;
				CURRENT_PROJECT_VERSION = 1;
				DEVELOPMENT_TEAM = 2584UNKWXQ;
				GENERATE_INFOPLIST_FILE = YES;
				IPHONEOS_DEPLOYMENT_TARGET = 15.0;
				LD_RUNPATH_SEARCH_PATHS = (
					"$(inherited)",
					"@executable_path/Frameworks",
					"@loader_path/Frameworks",
				);
				MARKETING_VERSION = 1.0;
				PRODUCT_BUNDLE_IDENTIFIER = com.serkanApp.JenkinsTests;
				PRODUCT_NAME = "$(TARGET_NAME)";
				SWIFT_EMIT_LOC_STRINGS = NO;
				SWIFT_VERSION = 5.0;
				TARGETED_DEVICE_FAMILY = "1,2";
				TEST_HOST = "$(BUILT_PRODUCTS_DIR)/Jenkins.app/Jenkins";
			};
			name = Debug;
		};
		F852D2EA271A01450079CD39 /* Release */ = {
			isa = XCBuildConfiguration;
			buildSettings = {
				ALWAYS_EMBED_SWIFT_STANDARD_LIBRARIES = YES;
				BUNDLE_LOADER = "$(TEST_HOST)";
				CODE_SIGN_STYLE = Automatic;
				CURRENT_PROJECT_VERSION = 1;
				DEVELOPMENT_TEAM = 2584UNKWXQ;
				GENERATE_INFOPLIST_FILE = YES;
				IPHONEOS_DEPLOYMENT_TARGET = 15.0;
				LD_RUNPATH_SEARCH_PATHS = (
					"$(inherited)",
					"@executable_path/Frameworks",
					"@loader_path/Frameworks",
				);
				MARKETING_VERSION = 1.0;
				PRODUCT_BUNDLE_IDENTIFIER = com.serkanApp.JenkinsTests;
				PRODUCT_NAME = "$(TARGET_NAME)";
				SWIFT_EMIT_LOC_STRINGS = NO;
				SWIFT_VERSION = 5.0;
				TARGETED_DEVICE_FAMILY = "1,2";
				TEST_HOST = "$(BUILT_PRODUCTS_DIR)/Jenkins.app/Jenkins";
			};
			name = Release;
		};
		F852D2EC271A01450079CD39 /* Debug */ = {
			isa = XCBuildConfiguration;
			buildSettings = {
				ALWAYS_EMBED_SWIFT_STANDARD_LIBRARIES = YES;
				CODE_SIGN_STYLE = Automatic;
				CURRENT_PROJECT_VERSION = 1;
				DEVELOPMENT_TEAM = 2584UNKWXQ;
				GENERATE_INFOPLIST_FILE = YES;
				LD_RUNPATH_SEARCH_PATHS = (
					"$(inherited)",
					"@executable_path/Frameworks",
					"@loader_path/Frameworks",
				);
				MARKETING_VERSION = 1.0;
				PRODUCT_BUNDLE_IDENTIFIER = com.serkanApp.JenkinsUITests;
				PRODUCT_NAME = "$(TARGET_NAME)";
				SWIFT_EMIT_LOC_STRINGS = NO;
				SWIFT_VERSION = 5.0;
				TARGETED_DEVICE_FAMILY = "1,2";
				TEST_TARGET_NAME = Jenkins;
			};
			name = Debug;
		};
		F852D2ED271A01450079CD39 /* Release */ = {
			isa = XCBuildConfiguration;
			buildSettings = {
				ALWAYS_EMBED_SWIFT_STANDARD_LIBRARIES = YES;
				CODE_SIGN_STYLE = Automatic;
				CURRENT_PROJECT_VERSION = 1;
				DEVELOPMENT_TEAM = 2584UNKWXQ;
				GENERATE_INFOPLIST_FILE = YES;
				LD_RUNPATH_SEARCH_PATHS = (
					"$(inherited)",
					"@executable_path/Frameworks",
					"@loader_path/Frameworks",
				);
				MARKETING_VERSION = 1.0;
				PRODUCT_BUNDLE_IDENTIFIER = com.serkanApp.JenkinsUITests;
				PRODUCT_NAME = "$(TARGET_NAME)";
				SWIFT_EMIT_LOC_STRINGS = NO;
				SWIFT_VERSION = 5.0;
				TARGETED_DEVICE_FAMILY = "1,2";
				TEST_TARGET_NAME = Jenkins;
			};
			name = Release;
		};
/* End XCBuildConfiguration section */

/* Begin XCConfigurationList section */
		F852D2B6271A01420079CD39 /* Build configuration list for PBXProject "Jenkins" */ = {
			isa = XCConfigurationList;
			buildConfigurations = (
				F852D2E3271A01450079CD39 /* Debug */,
				F852D2E4271A01450079CD39 /* Release */,
			);
			defaultConfigurationIsVisible = 0;
			defaultConfigurationName = Release;
		};
		F852D2E5271A01450079CD39 /* Build configuration list for PBXNativeTarget "Jenkins" */ = {
			isa = XCConfigurationList;
			buildConfigurations = (
				F852D2E6271A01450079CD39 /* Debug */,
				F852D2E7271A01450079CD39 /* Release */,
			);
			defaultConfigurationIsVisible = 0;
			defaultConfigurationName = Release;
		};
		F852D2E8271A01450079CD39 /* Build configuration list for PBXNativeTarget "JenkinsTests" */ = {
			isa = XCConfigurationList;
			buildConfigurations = (
				F852D2E9271A01450079CD39 /* Debug */,
				F852D2EA271A01450079CD39 /* Release */,
			);
			defaultConfigurationIsVisible = 0;
			defaultConfigurationName = Release;
		};
		F852D2EB271A01450079CD39 /* Build configuration list for PBXNativeTarget "JenkinsUITests" */ = {
			isa = XCConfigurationList;
			buildConfigurations = (
				F852D2EC271A01450079CD39 /* Debug */,
				F852D2ED271A01450079CD39 /* Release */,
			);
			defaultConfigurationIsVisible = 0;
			defaultConfigurationName = Release;
		};
/* End XCConfigurationList section */
	};
	rootObject = F852D2B3271A01420079CD39 /* Project object */;
}
